// !$*UTF8*$!
{
	archiveVersion = 1;
	classes = {
	};
	objectVersion = 46;
	objects = {

/* Begin PBXBuildFile section */
		50F7F77A1EA4D4AA00292A11 /* AppDelegate.swift in Sources */ = {isa = PBXBuildFile; fileRef = 50F7F7791EA4D4AA00292A11 /* AppDelegate.swift */; };
		50F7F77C1EA4D4AA00292A11 /* GameScene.sks in Resources */ = {isa = PBXBuildFile; fileRef = 50F7F77B1EA4D4AA00292A11 /* GameScene.sks */; };
		50F7F77E1EA4D4AA00292A11 /* Actions.sks in Resources */ = {isa = PBXBuildFile; fileRef = 50F7F77D1EA4D4AA00292A11 /* Actions.sks */; };
		50F7F7801EA4D4AA00292A11 /* GameScene.swift in Sources */ = {isa = PBXBuildFile; fileRef = 50F7F77F1EA4D4AA00292A11 /* GameScene.swift */; };
		50F7F7821EA4D4AA00292A11 /* GameViewController.swift in Sources */ = {isa = PBXBuildFile; fileRef = 50F7F7811EA4D4AA00292A11 /* GameViewController.swift */; };
		50F7F7851EA4D4AA00292A11 /* Main.storyboard in Resources */ = {isa = PBXBuildFile; fileRef = 50F7F7831EA4D4AA00292A11 /* Main.storyboard */; };
		50F7F7871EA4D4AA00292A11 /* Assets.xcassets in Resources */ = {isa = PBXBuildFile; fileRef = 50F7F7861EA4D4AA00292A11 /* Assets.xcassets */; };
		50F7F78A1EA4D4AA00292A11 /* LaunchScreen.storyboard in Resources */ = {isa = PBXBuildFile; fileRef = 50F7F7881EA4D4AA00292A11 /* LaunchScreen.storyboard */; };
		50F7F7951EA4D4AA00292A11 /* Oh_MummyTests.swift in Sources */ = {isa = PBXBuildFile; fileRef = 50F7F7941EA4D4AA00292A11 /* Oh_MummyTests.swift */; };
		50F7F7A01EA4D4AB00292A11 /* Oh_MummyUITests.swift in Sources */ = {isa = PBXBuildFile; fileRef = 50F7F79F1EA4D4AB00292A11 /* Oh_MummyUITests.swift */; };
/* End PBXBuildFile section */

/* Begin PBXContainerItemProxy section */
		50F7F7911EA4D4AA00292A11 /* PBXContainerItemProxy */ = {
			isa = PBXContainerItemProxy;
			containerPortal = 50F7F76E1EA4D4AA00292A11 /* Project object */;
			proxyType = 1;
			remoteGlobalIDString = 50F7F7751EA4D4AA00292A11;
			remoteInfo = "Oh Mummy";
		};
		50F7F79C1EA4D4AA00292A11 /* PBXContainerItemProxy */ = {
			isa = PBXContainerItemProxy;
			containerPortal = 50F7F76E1EA4D4AA00292A11 /* Project object */;
			proxyType = 1;
			remoteGlobalIDString = 50F7F7751EA4D4AA00292A11;
			remoteInfo = "Oh Mummy";
		};
/* End PBXContainerItemProxy section */

/* Begin PBXFileReference section */
		50F7F7761EA4D4AA00292A11 /* Oh Mummy.app */ = {isa = PBXFileReference; explicitFileType = wrapper.application; includeInIndex = 0; path = "Oh Mummy.app"; sourceTree = BUILT_PRODUCTS_DIR; };
		50F7F7791EA4D4AA00292A11 /* AppDelegate.swift */ = {isa = PBXFileReference; lastKnownFileType = sourcecode.swift; path = AppDelegate.swift; sourceTree = "<group>"; };
		50F7F77B1EA4D4AA00292A11 /* GameScene.sks */ = {isa = PBXFileReference; lastKnownFileType = file.sks; path = GameScene.sks; sourceTree = "<group>"; };
		50F7F77D1EA4D4AA00292A11 /* Actions.sks */ = {isa = PBXFileReference; lastKnownFileType = file.sks; path = Actions.sks; sourceTree = "<group>"; };
		50F7F77F1EA4D4AA00292A11 /* GameScene.swift */ = {isa = PBXFileReference; lastKnownFileType = sourcecode.swift; path = GameScene.swift; sourceTree = "<group>"; };
		50F7F7811EA4D4AA00292A11 /* GameViewController.swift */ = {isa = PBXFileReference; lastKnownFileType = sourcecode.swift; path = GameViewController.swift; sourceTree = "<group>"; };
		50F7F7841EA4D4AA00292A11 /* Base */ = {isa = PBXFileReference; lastKnownFileType = file.storyboard; name = Base; path = Base.lproj/Main.storyboard; sourceTree = "<group>"; };
		50F7F7861EA4D4AA00292A11 /* Assets.xcassets */ = {isa = PBXFileReference; lastKnownFileType = folder.assetcatalog; path = Assets.xcassets; sourceTree = "<group>"; };
		50F7F7891EA4D4AA00292A11 /* Base */ = {isa = PBXFileReference; lastKnownFileType = file.storyboard; name = Base; path = Base.lproj/LaunchScreen.storyboard; sourceTree = "<group>"; };
		50F7F78B1EA4D4AA00292A11 /* Info.plist */ = {isa = PBXFileReference; lastKnownFileType = text.plist.xml; path = Info.plist; sourceTree = "<group>"; };
		50F7F7901EA4D4AA00292A11 /* Oh MummyTests.xctest */ = {isa = PBXFileReference; explicitFileType = wrapper.cfbundle; includeInIndex = 0; path = "Oh MummyTests.xctest"; sourceTree = BUILT_PRODUCTS_DIR; };
		50F7F7941EA4D4AA00292A11 /* Oh_MummyTests.swift */ = {isa = PBXFileReference; lastKnownFileType = sourcecode.swift; path = Oh_MummyTests.swift; sourceTree = "<group>"; };
		50F7F7961EA4D4AA00292A11 /* Info.plist */ = {isa = PBXFileReference; lastKnownFileType = text.plist.xml; path = Info.plist; sourceTree = "<group>"; };
		50F7F79B1EA4D4AA00292A11 /* Oh MummyUITests.xctest */ = {isa = PBXFileReference; explicitFileType = wrapper.cfbundle; includeInIndex = 0; path = "Oh MummyUITests.xctest"; sourceTree = BUILT_PRODUCTS_DIR; };
		50F7F79F1EA4D4AB00292A11 /* Oh_MummyUITests.swift */ = {isa = PBXFileReference; lastKnownFileType = sourcecode.swift; path = Oh_MummyUITests.swift; sourceTree = "<group>"; };
		50F7F7A11EA4D4AB00292A11 /* Info.plist */ = {isa = PBXFileReference; lastKnownFileType = text.plist.xml; path = Info.plist; sourceTree = "<group>"; };
/* End PBXFileReference section */

/* Begin PBXFrameworksBuildPhase section */
		50F7F7731EA4D4AA00292A11 /* Frameworks */ = {
			isa = PBXFrameworksBuildPhase;
			buildActionMask = 2147483647;
			files = (
			);
			runOnlyForDeploymentPostprocessing = 0;
		};
		50F7F78D1EA4D4AA00292A11 /* Frameworks */ = {
			isa = PBXFrameworksBuildPhase;
			buildActionMask = 2147483647;
			files = (
			);
			runOnlyForDeploymentPostprocessing = 0;
		};
		50F7F7981EA4D4AA00292A11 /* Frameworks */ = {
			isa = PBXFrameworksBuildPhase;
			buildActionMask = 2147483647;
			files = (
			);
			runOnlyForDeploymentPostprocessing = 0;
		};
/* End PBXFrameworksBuildPhase section */

/* Begin PBXGroup section */
		50F7F76D1EA4D4AA00292A11 = {
			isa = PBXGroup;
			children = (
				50F7F7781EA4D4AA00292A11 /* Oh Mummy */,
				50F7F7931EA4D4AA00292A11 /* Oh MummyTests */,
				50F7F79E1EA4D4AA00292A11 /* Oh MummyUITests */,
				50F7F7771EA4D4AA00292A11 /* Products */,
			);
			sourceTree = "<group>";
		};
		50F7F7771EA4D4AA00292A11 /* Products */ = {
			isa = PBXGroup;
			children = (
				50F7F7761EA4D4AA00292A11 /* Oh Mummy.app */,
				50F7F7901EA4D4AA00292A11 /* Oh MummyTests.xctest */,
				50F7F79B1EA4D4AA00292A11 /* Oh MummyUITests.xctest */,
			);
			name = Products;
			sourceTree = "<group>";
		};
		50F7F7781EA4D4AA00292A11 /* Oh Mummy */ = {
			isa = PBXGroup;
			children = (
				50F7F7791EA4D4AA00292A11 /* AppDelegate.swift */,
				50F7F77B1EA4D4AA00292A11 /* GameScene.sks */,
				50F7F77D1EA4D4AA00292A11 /* Actions.sks */,
				50F7F77F1EA4D4AA00292A11 /* GameScene.swift */,
				50F7F7811EA4D4AA00292A11 /* GameViewController.swift */,
				50F7F7831EA4D4AA00292A11 /* Main.storyboard */,
				50F7F7861EA4D4AA00292A11 /* Assets.xcassets */,
				50F7F7881EA4D4AA00292A11 /* LaunchScreen.storyboard */,
				50F7F78B1EA4D4AA00292A11 /* Info.plist */,
			);
			path = "Oh Mummy";
			sourceTree = "<group>";
		};
		50F7F7931EA4D4AA00292A11 /* Oh MummyTests */ = {
			isa = PBXGroup;
			children = (
				50F7F7941EA4D4AA00292A11 /* Oh_MummyTests.swift */,
				50F7F7961EA4D4AA00292A11 /* Info.plist */,
			);
			path = "Oh MummyTests";
			sourceTree = "<group>";
		};
		50F7F79E1EA4D4AA00292A11 /* Oh MummyUITests */ = {
			isa = PBXGroup;
			children = (
				50F7F79F1EA4D4AB00292A11 /* Oh_MummyUITests.swift */,
				50F7F7A11EA4D4AB00292A11 /* Info.plist */,
			);
			path = "Oh MummyUITests";
			sourceTree = "<group>";
		};
/* End PBXGroup section */

/* Begin PBXNativeTarget section */
		50F7F7751EA4D4AA00292A11 /* Oh Mummy */ = {
			isa = PBXNativeTarget;
			buildConfigurationList = 50F7F7A41EA4D4AB00292A11 /* Build configuration list for PBXNativeTarget "Oh Mummy" */;
			buildPhases = (
				50F7F7721EA4D4AA00292A11 /* Sources */,
				50F7F7731EA4D4AA00292A11 /* Frameworks */,
				50F7F7741EA4D4AA00292A11 /* Resources */,
			);
			buildRules = (
			);
			dependencies = (
			);
			name = "Oh Mummy";
			productName = "Oh Mummy";
			productReference = 50F7F7761EA4D4AA00292A11 /* Oh Mummy.app */;
			productType = "com.apple.product-type.application";
		};
		50F7F78F1EA4D4AA00292A11 /* Oh MummyTests */ = {
			isa = PBXNativeTarget;
			buildConfigurationList = 50F7F7A71EA4D4AB00292A11 /* Build configuration list for PBXNativeTarget "Oh MummyTests" */;
			buildPhases = (
				50F7F78C1EA4D4AA00292A11 /* Sources */,
				50F7F78D1EA4D4AA00292A11 /* Frameworks */,
				50F7F78E1EA4D4AA00292A11 /* Resources */,
			);
			buildRules = (
			);
			dependencies = (
				50F7F7921EA4D4AA00292A11 /* PBXTargetDependency */,
			);
			name = "Oh MummyTests";
			productName = "Oh MummyTests";
			productReference = 50F7F7901EA4D4AA00292A11 /* Oh MummyTests.xctest */;
			productType = "com.apple.product-type.bundle.unit-test";
		};
		50F7F79A1EA4D4AA00292A11 /* Oh MummyUITests */ = {
			isa = PBXNativeTarget;
			buildConfigurationList = 50F7F7AA1EA4D4AB00292A11 /* Build configuration list for PBXNativeTarget "Oh MummyUITests" */;
			buildPhases = (
				50F7F7971EA4D4AA00292A11 /* Sources */,
				50F7F7981EA4D4AA00292A11 /* Frameworks */,
				50F7F7991EA4D4AA00292A11 /* Resources */,
			);
			buildRules = (
			);
			dependencies = (
				50F7F79D1EA4D4AA00292A11 /* PBXTargetDependency */,
			);
			name = "Oh MummyUITests";
			productName = "Oh MummyUITests";
			productReference = 50F7F79B1EA4D4AA00292A11 /* Oh MummyUITests.xctest */;
			productType = "com.apple.product-type.bundle.ui-testing";
		};
/* End PBXNativeTarget section */

/* Begin PBXProject section */
		50F7F76E1EA4D4AA00292A11 /* Project object */ = {
			isa = PBXProject;
			attributes = {
				LastSwiftUpdateCheck = 0820;
				LastUpgradeCheck = 0820;
				ORGANIZATIONNAME = "Albert Rubio Ripoll";
				TargetAttributes = {
					50F7F7751EA4D4AA00292A11 = {
						CreatedOnToolsVersion = 8.2.1;
						ProvisioningStyle = Automatic;
					};
					50F7F78F1EA4D4AA00292A11 = {
						CreatedOnToolsVersion = 8.2.1;
						ProvisioningStyle = Automatic;
						TestTargetID = 50F7F7751EA4D4AA00292A11;
					};
					50F7F79A1EA4D4AA00292A11 = {
						CreatedOnToolsVersion = 8.2.1;
						ProvisioningStyle = Automatic;
						TestTargetID = 50F7F7751EA4D4AA00292A11;
					};
				};
			};
			buildConfigurationList = 50F7F7711EA4D4AA00292A11 /* Build configuration list for PBXProject "Oh Mummy" */;
			compatibilityVersion = "Xcode 3.2";
			developmentRegion = English;
			hasScannedForEncodings = 0;
			knownRegions = (
				en,
				Base,
			);
			mainGroup = 50F7F76D1EA4D4AA00292A11;
			productRefGroup = 50F7F7771EA4D4AA00292A11 /* Products */;
			projectDirPath = "";
			projectRoot = "";
			targets = (
				50F7F7751EA4D4AA00292A11 /* Oh Mummy */,
				50F7F78F1EA4D4AA00292A11 /* Oh MummyTests */,
				50F7F79A1EA4D4AA00292A11 /* Oh MummyUITests */,
			);
		};
/* End PBXProject section */

/* Begin PBXResourcesBuildPhase section */
		50F7F7741EA4D4AA00292A11 /* Resources */ = {
			isa = PBXResourcesBuildPhase;
			buildActionMask = 2147483647;
			files = (
				50F7F7851EA4D4AA00292A11 /* Main.storyboard in Resources */,
				50F7F77C1EA4D4AA00292A11 /* GameScene.sks in Resources */,
				50F7F7871EA4D4AA00292A11 /* Assets.xcassets in Resources */,
				50F7F78A1EA4D4AA00292A11 /* LaunchScreen.storyboard in Resources */,
				50F7F77E1EA4D4AA00292A11 /* Actions.sks in Resources */,
			);
			runOnlyForDeploymentPostprocessing = 0;
		};
		50F7F78E1EA4D4AA00292A11 /* Resources */ = {
			isa = PBXResourcesBuildPhase;
			buildActionMask = 2147483647;
			files = (
			);
			runOnlyForDeploymentPostprocessing = 0;
		};
		50F7F7991EA4D4AA00292A11 /* Resources */ = {
			isa = PBXResourcesBuildPhase;
			buildActionMask = 2147483647;
			files = (
			);
			runOnlyForDeploymentPostprocessing = 0;
		};
/* End PBXResourcesBuildPhase section */

/* Begin PBXSourcesBuildPhase section */
		50F7F7721EA4D4AA00292A11 /* Sources */ = {
			isa = PBXSourcesBuildPhase;
			buildActionMask = 2147483647;
			files = (
				50F7F7801EA4D4AA00292A11 /* GameScene.swift in Sources */,
				50F7F7821EA4D4AA00292A11 /* GameViewController.swift in Sources */,
				50F7F77A1EA4D4AA00292A11 /* AppDelegate.swift in Sources */,
			);
			runOnlyForDeploymentPostprocessing = 0;
		};
		50F7F78C1EA4D4AA00292A11 /* Sources */ = {
			isa = PBXSourcesBuildPhase;
			buildActionMask = 2147483647;
			files = (
				50F7F7951EA4D4AA00292A11 /* Oh_MummyTests.swift in Sources */,
			);
			runOnlyForDeploymentPostprocessing = 0;
		};
		50F7F7971EA4D4AA00292A11 /* Sources */ = {
			isa = PBXSourcesBuildPhase;
			buildActionMask = 2147483647;
			files = (
				50F7F7A01EA4D4AB00292A11 /* Oh_MummyUITests.swift in Sources */,
			);
			runOnlyForDeploymentPostprocessing = 0;
		};
/* End PBXSourcesBuildPhase section */

/* Begin PBXTargetDependency section */
		50F7F7921EA4D4AA00292A11 /* PBXTargetDependency */ = {
			isa = PBXTargetDependency;
			target = 50F7F7751EA4D4AA00292A11 /* Oh Mummy */;
			targetProxy = 50F7F7911EA4D4AA00292A11 /* PBXContainerItemProxy */;
		};
		50F7F79D1EA4D4AA00292A11 /* PBXTargetDependency */ = {
			isa = PBXTargetDependency;
			target = 50F7F7751EA4D4AA00292A11 /* Oh Mummy */;
			targetProxy = 50F7F79C1EA4D4AA00292A11 /* PBXContainerItemProxy */;
		};
/* End PBXTargetDependency section */

/* Begin PBXVariantGroup section */
		50F7F7831EA4D4AA00292A11 /* Main.storyboard */ = {
			isa = PBXVariantGroup;
			children = (
				50F7F7841EA4D4AA00292A11 /* Base */,
			);
			name = Main.storyboard;
			sourceTree = "<group>";
		};
		50F7F7881EA4D4AA00292A11 /* LaunchScreen.storyboard */ = {
			isa = PBXVariantGroup;
			children = (
				50F7F7891EA4D4AA00292A11 /* Base */,
			);
			name = LaunchScreen.storyboard;
			sourceTree = "<group>";
		};
/* End PBXVariantGroup section */

/* Begin XCBuildConfiguration section */
		50F7F7A21EA4D4AB00292A11 /* Debug */ = {
			isa = XCBuildConfiguration;
			buildSettings = {
				ALWAYS_SEARCH_USER_PATHS = NO;
				CLANG_ANALYZER_NONNULL = YES;
				CLANG_CXX_LANGUAGE_STANDARD = "gnu++0x";
				CLANG_CXX_LIBRARY = "libc++";
				CLANG_ENABLE_MODULES = YES;
				CLANG_ENABLE_OBJC_ARC = YES;
				CLANG_WARN_BOOL_CONVERSION = YES;
				CLANG_WARN_CONSTANT_CONVERSION = YES;
				CLANG_WARN_DIRECT_OBJC_ISA_USAGE = YES_ERROR;
				CLANG_WARN_DOCUMENTATION_COMMENTS = YES;
				CLANG_WARN_EMPTY_BODY = YES;
				CLANG_WARN_ENUM_CONVERSION = YES;
				CLANG_WARN_INFINITE_RECURSION = YES;
				CLANG_WARN_INT_CONVERSION = YES;
				CLANG_WARN_OBJC_ROOT_CLASS = YES_ERROR;
				CLANG_WARN_SUSPICIOUS_MOVE = YES;
				CLANG_WARN_UNREACHABLE_CODE = YES;
				CLANG_WARN__DUPLICATE_METHOD_MATCH = YES;
				"CODE_SIGN_IDENTITY[sdk=iphoneos*]" = "iPhone Developer";
				COPY_PHASE_STRIP = NO;
				DEBUG_INFORMATION_FORMAT = dwarf;
				ENABLE_STRICT_OBJC_MSGSEND = YES;
				ENABLE_TESTABILITY = YES;
				GCC_C_LANGUAGE_STANDARD = gnu99;
				GCC_DYNAMIC_NO_PIC = NO;
				GCC_NO_COMMON_BLOCKS = YES;
				GCC_OPTIMIZATION_LEVEL = 0;
				GCC_PREPROCESSOR_DEFINITIONS = (
					"DEBUG=1",
					"$(inherited)",
				);
				GCC_WARN_64_TO_32_BIT_CONVERSION = YES;
				GCC_WARN_ABOUT_RETURN_TYPE = YES_ERROR;
				GCC_WARN_UNDECLARED_SELECTOR = YES;
				GCC_WARN_UNINITIALIZED_AUTOS = YES_AGGRESSIVE;
				GCC_WARN_UNUSED_FUNCTION = YES;
				GCC_WARN_UNUSED_VARIABLE = YES;
				IPHONEOS_DEPLOYMENT_TARGET = 10.2;
				MTL_ENABLE_DEBUG_INFO = YES;
				ONLY_ACTIVE_ARCH = YES;
				SDKROOT = iphoneos;
				SWIFT_ACTIVE_COMPILATION_CONDITIONS = DEBUG;
				SWIFT_OPTIMIZATION_LEVEL = "-Onone";
				TARGETED_DEVICE_FAMILY = "1,2";
			};
			name = Debug;
		};
		50F7F7A31EA4D4AB00292A11 /* Release */ = {
			isa = XCBuildConfiguration;
			buildSettings = {
				ALWAYS_SEARCH_USER_PATHS = NO;
				CLANG_ANALYZER_NONNULL = YES;
				CLANG_CXX_LANGUAGE_STANDARD = "gnu++0x";
				CLANG_CXX_LIBRARY = "libc++";
				CLANG_ENABLE_MODULES = YES;
				CLANG_ENABLE_OBJC_ARC = YES;
				CLANG_WARN_BOOL_CONVERSION = YES;
				CLANG_WARN_CONSTANT_CONVERSION = YES;
				CLANG_WARN_DIRECT_OBJC_ISA_USAGE = YES_ERROR;
				CLANG_WARN_DOCUMENTATION_COMMENTS = YES;
				CLANG_WARN_EMPTY_BODY = YES;
				CLANG_WARN_ENUM_CONVERSION = YES;
				CLANG_WARN_INFINITE_RECURSION = YES;
				CLANG_WARN_INT_CONVERSION = YES;
				CLANG_WARN_OBJC_ROOT_CLASS = YES_ERROR;
				CLANG_WARN_SUSPICIOUS_MOVE = YES;
				CLANG_WARN_UNREACHABLE_CODE = YES;
				CLANG_WARN__DUPLICATE_METHOD_MATCH = YES;
				"CODE_SIGN_IDENTITY[sdk=iphoneos*]" = "iPhone Developer";
				COPY_PHASE_STRIP = NO;
				DEBUG_INFORMATION_FORMAT = "dwarf-with-dsym";
				ENABLE_NS_ASSERTIONS = NO;
				ENABLE_STRICT_OBJC_MSGSEND = YES;
				GCC_C_LANGUAGE_STANDARD = gnu99;
				GCC_NO_COMMON_BLOCKS = YES;
				GCC_WARN_64_TO_32_BIT_CONVERSION = YES;
				GCC_WARN_ABOUT_RETURN_TYPE = YES_ERROR;
				GCC_WARN_UNDECLARED_SELECTOR = YES;
				GCC_WARN_UNINITIALIZED_AUTOS = YES_AGGRESSIVE;
				GCC_WARN_UNUSED_FUNCTION = YES;
				GCC_WARN_UNUSED_VARIABLE = YES;
				IPHONEOS_DEPLOYMENT_TARGET = 10.2;
				MTL_ENABLE_DEBUG_INFO = NO;
				SDKROOT = iphoneos;
				SWIFT_OPTIMIZATION_LEVEL = "-Owholemodule";
				TARGETED_DEVICE_FAMILY = "1,2";
				VALIDATE_PRODUCT = YES;
			};
			name = Release;
		};
		50F7F7A51EA4D4AB00292A11 /* Debug */ = {
			isa = XCBuildConfiguration;
			buildSettings = {
				ASSETCATALOG_COMPILER_APPICON_NAME = AppIcon;
				INFOPLIST_FILE = "Oh Mummy/Info.plist";
				IPHONEOS_DEPLOYMENT_TARGET = 10.2;
				LD_RUNPATH_SEARCH_PATHS = "$(inherited) @executable_path/Frameworks";
				PRODUCT_BUNDLE_IDENTIFIER = "SynthSoft.Oh-Mummy";
				PRODUCT_NAME = "$(TARGET_NAME)";
				SWIFT_VERSION = 3.0;
			};
			name = Debug;
		};
		50F7F7A61EA4D4AB00292A11 /* Release */ = {
			isa = XCBuildConfiguration;
			buildSettings = {
				ASSETCATALOG_COMPILER_APPICON_NAME = AppIcon;
				INFOPLIST_FILE = "Oh Mummy/Info.plist";
				IPHONEOS_DEPLOYMENT_TARGET = 10.2;
				LD_RUNPATH_SEARCH_PATHS = "$(inherited) @executable_path/Frameworks";
				PRODUCT_BUNDLE_IDENTIFIER = "SynthSoft.Oh-Mummy";
				PRODUCT_NAME = "$(TARGET_NAME)";
				SWIFT_VERSION = 3.0;
			};
			name = Release;
		};
		50F7F7A81EA4D4AB00292A11 /* Debug */ = {
			isa = XCBuildConfiguration;
			buildSettings = {
				ALWAYS_EMBED_SWIFT_STANDARD_LIBRARIES = YES;
				BUNDLE_LOADER = "$(TEST_HOST)";
				INFOPLIST_FILE = "Oh MummyTests/Info.plist";
				LD_RUNPATH_SEARCH_PATHS = "$(inherited) @executable_path/Frameworks @loader_path/Frameworks";
				PRODUCT_BUNDLE_IDENTIFIER = "SynthSoft.Oh-MummyTests";
				PRODUCT_NAME = "$(TARGET_NAME)";
				SWIFT_VERSION = 3.0;
				TEST_HOST = "$(BUILT_PRODUCTS_DIR)/Oh Mummy.app/Oh Mummy";
			};
			name = Debug;
		};
		50F7F7A91EA4D4AB00292A11 /* Release */ = {
			isa = XCBuildConfiguration;
			buildSettings = {
				ALWAYS_EMBED_SWIFT_STANDARD_LIBRARIES = YES;
				BUNDLE_LOADER = "$(TEST_HOST)";
				INFOPLIST_FILE = "Oh MummyTests/Info.plist";
				LD_RUNPATH_SEARCH_PATHS = "$(inherited) @executable_path/Frameworks @loader_path/Frameworks";
				PRODUCT_BUNDLE_IDENTIFIER = "SynthSoft.Oh-MummyTests";
				PRODUCT_NAME = "$(TARGET_NAME)";
				SWIFT_VERSION = 3.0;
				TEST_HOST = "$(BUILT_PRODUCTS_DIR)/Oh Mummy.app/Oh Mummy";
			};
			name = Release;
		};
		50F7F7AB1EA4D4AB00292A11 /* Debug */ = {
			isa = XCBuildConfiguration;
			buildSettings = {
				ALWAYS_EMBED_SWIFT_STANDARD_LIBRARIES = YES;
				INFOPLIST_FILE = "Oh MummyUITests/Info.plist";
				LD_RUNPATH_SEARCH_PATHS = "$(inherited) @executable_path/Frameworks @loader_path/Frameworks";
				PRODUCT_BUNDLE_IDENTIFIER = "SynthSoft.Oh-MummyUITests";
				PRODUCT_NAME = "$(TARGET_NAME)";
				SWIFT_VERSION = 3.0;
				TEST_TARGET_NAME = "Oh Mummy";
			};
			name = Debug;
		};
		50F7F7AC1EA4D4AB00292A11 /* Release */ = {
			isa = XCBuildConfiguration;
			buildSettings = {
				ALWAYS_EMBED_SWIFT_STANDARD_LIBRARIES = YES;
				INFOPLIST_FILE = "Oh MummyUITests/Info.plist";
				LD_RUNPATH_SEARCH_PATHS = "$(inherited) @executable_path/Frameworks @loader_path/Frameworks";
				PRODUCT_BUNDLE_IDENTIFIER = "SynthSoft.Oh-MummyUITests";
				PRODUCT_NAME = "$(TARGET_NAME)";
				SWIFT_VERSION = 3.0;
				TEST_TARGET_NAME = "Oh Mummy";
			};
			name = Release;
		};
/* End XCBuildConfiguration section */

/* Begin XCConfigurationList section */
		50F7F7711EA4D4AA00292A11 /* Build configuration list for PBXProject "Oh Mummy" */ = {
			isa = XCConfigurationList;
			buildConfigurations = (
				50F7F7A21EA4D4AB00292A11 /* Debug */,
				50F7F7A31EA4D4AB00292A11 /* Release */,
			);
			defaultConfigurationIsVisible = 0;
			defaultConfigurationName = Release;
		};
		50F7F7A41EA4D4AB00292A11 /* Build configuration list for PBXNativeTarget "Oh Mummy" */ = {
			isa = XCConfigurationList;
			buildConfigurations = (
				50F7F7A51EA4D4AB00292A11 /* Debug */,
				50F7F7A61EA4D4AB00292A11 /* Release */,
			);
			defaultConfigurationIsVisible = 0;
		};
		50F7F7A71EA4D4AB00292A11 /* Build configuration list for PBXNativeTarget "Oh MummyTests" */ = {
			isa = XCConfigurationList;
			buildConfigurations = (
				50F7F7A81EA4D4AB00292A11 /* Debug */,
				50F7F7A91EA4D4AB00292A11 /* Release */,
			);
			defaultConfigurationIsVisible = 0;
		};
		50F7F7AA1EA4D4AB00292A11 /* Build configuration list for PBXNativeTarget "Oh MummyUITests" */ = {
			isa = XCConfigurationList;
			buildConfigurations = (
				50F7F7AB1EA4D4AB00292A11 /* Debug */,
				50F7F7AC1EA4D4AB00292A11 /* Release */,
			);
			defaultConfigurationIsVisible = 0;
		};
/* End XCConfigurationList section */
	};
	rootObject = 50F7F76E1EA4D4AA00292A11 /* Project object */;
}
